
Microsoft Visual Studio Solution File, Format Version 12.00
# Visual Studio Version 17
VisualStudioVersion = 17.1.32328.378
MinimumVisualStudioVersion = 10.0.40219.1
Project("{FAE04EC0-301F-11D3-BF4B-00C04F79EFBC}") = "UserService", "UserService\UserService.csproj", "{B6A44A9D-B2F9-4267-AB7C-F4CE1B4D89BF}"
EndProject
Project("{FAE04EC0-301F-11D3-BF4B-00C04F79EFBC}") = "FoodService", "FoodService\FoodService.csproj", "{99B3783D-E031-4FF4-A0DC-A7BB4B527D47}"
EndProject
Project("{FAE04EC0-301F-11D3-BF4B-00C04F79EFBC}") = "OrderService", "OrderService\OrderService.csproj", "{CD87D89B-3A00-40DB-AFB0-C45F35B9775A}"
EndProject
Global
	GlobalSection(SolutionConfigurationPlatforms) = preSolution
		Debug|Any CPU = Debug|Any CPU
		Release|Any CPU = Release|Any CPU
	EndGlobalSection
	GlobalSection(ProjectConfigurationPlatforms) = postSolution
		{B6A44A9D-B2F9-4267-AB7C-F4CE1B4D89BF}.Debug|Any CPU.ActiveCfg = Debug|Any CPU
		{B6A44A9D-B2F9-4267-AB7C-F4CE1B4D89BF}.Debug|Any CPU.Build.0 = Debug|Any CPU
		{B6A44A9D-B2F9-4267-AB7C-F4CE1B4D89BF}.Release|Any CPU.ActiveCfg = Release|Any CPU
		{B6A44A9D-B2F9-4267-AB7C-F4CE1B4D89BF}.Release|Any CPU.Build.0 = Release|Any CPU
		{99B3783D-E031-4FF4-A0DC-A7BB4B527D47}.Debug|Any CPU.ActiveCfg = Debug|Any CPU
		{99B3783D-E031-4FF4-A0DC-A7BB4B527D47}.Debug|Any CPU.Build.0 = Debug|Any CPU
		{99B3783D-E031-4FF4-A0DC-A7BB4B527D47}.Release|Any CPU.ActiveCfg = Release|Any CPU
		{99B3783D-E031-4FF4-A0DC-A7BB4B527D47}.Release|Any CPU.Build.0 = Release|Any CPU
		{CD87D89B-3A00-40DB-AFB0-C45F35B9775A}.Debug|Any CPU.ActiveCfg = Debug|Any CPU
		{CD87D89B-3A00-40DB-AFB0-C45F35B9775A}.Debug|Any CPU.Build.0 = Debug|Any CPU
		{CD87D89B-3A00-40DB-AFB0-C45F35B9775A}.Release|Any CPU.ActiveCfg = Release|Any CPU
		{CD87D89B-3A00-40DB-AFB0-C45F35B9775A}.Release|Any CPU.Build.0 = Release|Any CPU
	EndGlobalSection
	GlobalSection(SolutionProperties) = preSolution
		HideSolutionNode = FALSE
	EndGlobalSection
	GlobalSection(ExtensibilityGlobals) = postSolution
		SolutionGuid = {6FCB28A6-BE48-41AF-9A9C-EE952F1D851E}
	EndGlobalSection
EndGlobal
